{
  "name": "behaviortree-editor",
  "version": "1.0.0",
  "lockfileVersion": 3,
  "requires": true,
  "packages": {
    "": {
      "name": "behaviortree-editor",
      "version": "1.0.0",
      "license": "MIT",
      "dependencies": {
        "drawflow": "^0.0.60",
        "typescript": "^5.9.3",
        "typescript-language-server": "^5.1.1"
      },
      "devDependencies": {
        "@types/drawflow": "^0.0.12"
      }
    },
    "node_modules/@types/drawflow": {
      "version": "0.0.12",
      "resolved": "http://mirrors.cloud.tencent.com/npm/@types/drawflow/-/drawflow-0.0.12.tgz",
      "integrity": "sha512-jza202kQKclxkEGxFGVdfT+lybft+BqTVxPA5cTuJO9z4gR4D9KT8Qxwd5xwX/NX1RUlXmtVGOtsy+0svRjPhQ==",
      "dev": true,
      "license": "MIT"
    },
    "node_modules/drawflow": {
      "version": "0.0.60",
      "resolved": "http://mirrors.cloud.tencent.com/npm/drawflow/-/drawflow-0.0.60.tgz",
      "integrity": "sha512-UGj1+1DnWCVY6vJXBb6Ayt7KpPINBGqncVqpYDumVeBdIKxlBGn0tksp2yciVzQjkYsjFwMMDEdoVyWzUa2wkA==",
      "license": "MIT"
    },
    "node_modules/typescript": {
      "version": "5.9.3",
      "resolved": "http://mirrors.cloud.tencent.com/npm/typescript/-/typescript-5.9.3.tgz",
      "integrity": "sha512-jl1vZzPDinLr9eUt3J/t7V6FgNEw9QjvBPdysz9KfQDD41fQrC2Y4vKQdiaUpFT4bXlb1RHhLpp8wtm6M5TgSw==",
      "license": "Apache-2.0",
      "bin": {
        "tsc": "bin/tsc",
        "tsserver": "bin/tsserver"
      },
      "engines": {
        "node": ">=14.17"
      }
    },
    "node_modules/typescript-language-server": {
      "version": "5.1.1",
      "resolved": "http://mirrors.cloud.tencent.com/npm/typescript-language-server/-/typescript-language-server-5.1.1.tgz",
      "integrity": "sha512-KFOvyFxN5YCTrS1i3tl543kF+yjA3Ih7IQbWZm9b5LZ21LBdSigSduMgqqMDXmfkm/fIkm3XR914lC3mPAuMag==",
      "license": "Apache-2.0",
      "bin": {
        "typescript-language-server": "lib/cli.mjs"
      },
      "engines": {
        "node": ">=20"
      }
    }
  }
}
